// !$*UTF8*$!
{
	archiveVersion = 1;
	classes = {
	};
	objectVersion = 46;
	objects = {

/* Begin PBXBuildFile section */
		BAD552B61E8CCF2100EC0112 /* AppDelegate.swift in Sources */ = {isa = PBXBuildFile; fileRef = BAD552B51E8CCF2100EC0112 /* AppDelegate.swift */; };
		BAD552B81E8CCF2100EC0112 /* GameScene.sks in Resources */ = {isa = PBXBuildFile; fileRef = BAD552B71E8CCF2100EC0112 /* GameScene.sks */; };
		BAD552BA1E8CCF2100EC0112 /* Actions.sks in Resources */ = {isa = PBXBuildFile; fileRef = BAD552B91E8CCF2100EC0112 /* Actions.sks */; };
		BAD552BC1E8CCF2100EC0112 /* GameScene.swift in Sources */ = {isa = PBXBuildFile; fileRef = BAD552BB1E8CCF2100EC0112 /* GameScene.swift */; };
		BAD552BE1E8CCF2100EC0112 /* GameViewController.swift in Sources */ = {isa = PBXBuildFile; fileRef = BAD552BD1E8CCF2100EC0112 /* GameViewController.swift */; };
		BAD552C11E8CCF2100EC0112 /* Main.storyboard in Resources */ = {isa = PBXBuildFile; fileRef = BAD552BF1E8CCF2100EC0112 /* Main.storyboard */; };
		BAD552C31E8CCF2100EC0112 /* Assets.xcassets in Resources */ = {isa = PBXBuildFile; fileRef = BAD552C21E8CCF2100EC0112 /* Assets.xcassets */; };
		BAD552C61E8CCF2100EC0112 /* LaunchScreen.storyboard in Resources */ = {isa = PBXBuildFile; fileRef = BAD552C41E8CCF2100EC0112 /* LaunchScreen.storyboard */; };
		BAD552D11E8CCF2100EC0112 /* GametestTests.swift in Sources */ = {isa = PBXBuildFile; fileRef = BAD552D01E8CCF2100EC0112 /* GametestTests.swift */; };
		BAD552DC1E8CCF2100EC0112 /* GametestUITests.swift in Sources */ = {isa = PBXBuildFile; fileRef = BAD552DB1E8CCF2100EC0112 /* GametestUITests.swift */; };
/* End PBXBuildFile section */

/* Begin PBXContainerItemProxy section */
		BAD552CD1E8CCF2100EC0112 /* PBXContainerItemProxy */ = {
			isa = PBXContainerItemProxy;
			containerPortal = BAD552AA1E8CCF2100EC0112 /* Project object */;
			proxyType = 1;
			remoteGlobalIDString = BAD552B11E8CCF2100EC0112;
			remoteInfo = Gametest;
		};
		BAD552D81E8CCF2100EC0112 /* PBXContainerItemProxy */ = {
			isa = PBXContainerItemProxy;
			containerPortal = BAD552AA1E8CCF2100EC0112 /* Project object */;
			proxyType = 1;
			remoteGlobalIDString = BAD552B11E8CCF2100EC0112;
			remoteInfo = Gametest;
		};
/* End PBXContainerItemProxy section */

/* Begin PBXFileReference section */
		BAD552B21E8CCF2100EC0112 /* Gametest.app */ = {isa = PBXFileReference; explicitFileType = wrapper.application; includeInIndex = 0; path = Gametest.app; sourceTree = BUILT_PRODUCTS_DIR; };
		BAD552B51E8CCF2100EC0112 /* AppDelegate.swift */ = {isa = PBXFileReference; lastKnownFileType = sourcecode.swift; path = AppDelegate.swift; sourceTree = "<group>"; };
		BAD552B71E8CCF2100EC0112 /* GameScene.sks */ = {isa = PBXFileReference; lastKnownFileType = file.sks; path = GameScene.sks; sourceTree = "<group>"; };
		BAD552B91E8CCF2100EC0112 /* Actions.sks */ = {isa = PBXFileReference; lastKnownFileType = file.sks; path = Actions.sks; sourceTree = "<group>"; };
		BAD552BB1E8CCF2100EC0112 /* GameScene.swift */ = {isa = PBXFileReference; lastKnownFileType = sourcecode.swift; path = GameScene.swift; sourceTree = "<group>"; };
		BAD552BD1E8CCF2100EC0112 /* GameViewController.swift */ = {isa = PBXFileReference; lastKnownFileType = sourcecode.swift; path = GameViewController.swift; sourceTree = "<group>"; };
		BAD552C01E8CCF2100EC0112 /* Base */ = {isa = PBXFileReference; lastKnownFileType = file.storyboard; name = Base; path = Base.lproj/Main.storyboard; sourceTree = "<group>"; };
		BAD552C21E8CCF2100EC0112 /* Assets.xcassets */ = {isa = PBXFileReference; lastKnownFileType = folder.assetcatalog; path = Assets.xcassets; sourceTree = "<group>"; };
		BAD552C51E8CCF2100EC0112 /* Base */ = {isa = PBXFileReference; lastKnownFileType = file.storyboard; name = Base; path = Base.lproj/LaunchScreen.storyboard; sourceTree = "<group>"; };
		BAD552C71E8CCF2100EC0112 /* Info.plist */ = {isa = PBXFileReference; lastKnownFileType = text.plist.xml; path = Info.plist; sourceTree = "<group>"; };
		BAD552CC1E8CCF2100EC0112 /* GametestTests.xctest */ = {isa = PBXFileReference; explicitFileType = wrapper.cfbundle; includeInIndex = 0; path = GametestTests.xctest; sourceTree = BUILT_PRODUCTS_DIR; };
		BAD552D01E8CCF2100EC0112 /* GametestTests.swift */ = {isa = PBXFileReference; lastKnownFileType = sourcecode.swift; path = GametestTests.swift; sourceTree = "<group>"; };
		BAD552D21E8CCF2100EC0112 /* Info.plist */ = {isa = PBXFileReference; lastKnownFileType = text.plist.xml; path = Info.plist; sourceTree = "<group>"; };
		BAD552D71E8CCF2100EC0112 /* GametestUITests.xctest */ = {isa = PBXFileReference; explicitFileType = wrapper.cfbundle; includeInIndex = 0; path = GametestUITests.xctest; sourceTree = BUILT_PRODUCTS_DIR; };
		BAD552DB1E8CCF2100EC0112 /* GametestUITests.swift */ = {isa = PBXFileReference; lastKnownFileType = sourcecode.swift; path = GametestUITests.swift; sourceTree = "<group>"; };
		BAD552DD1E8CCF2100EC0112 /* Info.plist */ = {isa = PBXFileReference; lastKnownFileType = text.plist.xml; path = Info.plist; sourceTree = "<group>"; };
/* End PBXFileReference section */

/* Begin PBXFrameworksBuildPhase section */
		BAD552AF1E8CCF2100EC0112 /* Frameworks */ = {
			isa = PBXFrameworksBuildPhase;
			buildActionMask = 2147483647;
			files = (
			);
			runOnlyForDeploymentPostprocessing = 0;
		};
		BAD552C91E8CCF2100EC0112 /* Frameworks */ = {
			isa = PBXFrameworksBuildPhase;
			buildActionMask = 2147483647;
			files = (
			);
			runOnlyForDeploymentPostprocessing = 0;
		};
		BAD552D41E8CCF2100EC0112 /* Frameworks */ = {
			isa = PBXFrameworksBuildPhase;
			buildActionMask = 2147483647;
			files = (
			);
			runOnlyForDeploymentPostprocessing = 0;
		};
/* End PBXFrameworksBuildPhase section */

/* Begin PBXGroup section */
		BAD552A91E8CCF2100EC0112 = {
			isa = PBXGroup;
			children = (
				BAD552B41E8CCF2100EC0112 /* Gametest */,
				BAD552CF1E8CCF2100EC0112 /* GametestTests */,
				BAD552DA1E8CCF2100EC0112 /* GametestUITests */,
				BAD552B31E8CCF2100EC0112 /* Products */,
			);
			sourceTree = "<group>";
		};
		BAD552B31E8CCF2100EC0112 /* Products */ = {
			isa = PBXGroup;
			children = (
				BAD552B21E8CCF2100EC0112 /* Gametest.app */,
				BAD552CC1E8CCF2100EC0112 /* GametestTests.xctest */,
				BAD552D71E8CCF2100EC0112 /* GametestUITests.xctest */,
			);
			name = Products;
			sourceTree = "<group>";
		};
		BAD552B41E8CCF2100EC0112 /* Gametest */ = {
			isa = PBXGroup;
			children = (
				BAD552B51E8CCF2100EC0112 /* AppDelegate.swift */,
				BAD552B71E8CCF2100EC0112 /* GameScene.sks */,
				BAD552B91E8CCF2100EC0112 /* Actions.sks */,
				BAD552BB1E8CCF2100EC0112 /* GameScene.swift */,
				BAD552BD1E8CCF2100EC0112 /* GameViewController.swift */,
				BAD552BF1E8CCF2100EC0112 /* Main.storyboard */,
				BAD552C21E8CCF2100EC0112 /* Assets.xcassets */,
				BAD552C41E8CCF2100EC0112 /* LaunchScreen.storyboard */,
				BAD552C71E8CCF2100EC0112 /* Info.plist */,
			);
			path = Gametest;
			sourceTree = "<group>";
		};
		BAD552CF1E8CCF2100EC0112 /* GametestTests */ = {
			isa = PBXGroup;
			children = (
				BAD552D01E8CCF2100EC0112 /* GametestTests.swift */,
				BAD552D21E8CCF2100EC0112 /* Info.plist */,
			);
			path = GametestTests;
			sourceTree = "<group>";
		};
		BAD552DA1E8CCF2100EC0112 /* GametestUITests */ = {
			isa = PBXGroup;
			children = (
				BAD552DB1E8CCF2100EC0112 /* GametestUITests.swift */,
				BAD552DD1E8CCF2100EC0112 /* Info.plist */,
			);
			path = GametestUITests;
			sourceTree = "<group>";
		};
/* End PBXGroup section */

/* Begin PBXNativeTarget section */
		BAD552B11E8CCF2100EC0112 /* Gametest */ = {
			isa = PBXNativeTarget;
			buildConfigurationList = BAD552E01E8CCF2100EC0112 /* Build configuration list for PBXNativeTarget "Gametest" */;
			buildPhases = (
				BAD552AE1E8CCF2100EC0112 /* Sources */,
				BAD552AF1E8CCF2100EC0112 /* Frameworks */,
				BAD552B01E8CCF2100EC0112 /* Resources */,
			);
			buildRules = (
			);
			dependencies = (
			);
			name = Gametest;
			productName = Gametest;
			productReference = BAD552B21E8CCF2100EC0112 /* Gametest.app */;
			productType = "com.apple.product-type.application";
		};
		BAD552CB1E8CCF2100EC0112 /* GametestTests */ = {
			isa = PBXNativeTarget;
			buildConfigurationList = BAD552E31E8CCF2100EC0112 /* Build configuration list for PBXNativeTarget "GametestTests" */;
			buildPhases = (
				BAD552C81E8CCF2100EC0112 /* Sources */,
				BAD552C91E8CCF2100EC0112 /* Frameworks */,
				BAD552CA1E8CCF2100EC0112 /* Resources */,
			);
			buildRules = (
			);
			dependencies = (
				BAD552CE1E8CCF2100EC0112 /* PBXTargetDependency */,
			);
			name = GametestTests;
			productName = GametestTests;
			productReference = BAD552CC1E8CCF2100EC0112 /* GametestTests.xctest */;
			productType = "com.apple.product-type.bundle.unit-test";
		};
		BAD552D61E8CCF2100EC0112 /* GametestUITests */ = {
			isa = PBXNativeTarget;
			buildConfigurationList = BAD552E61E8CCF2100EC0112 /* Build configuration list for PBXNativeTarget "GametestUITests" */;
			buildPhases = (
				BAD552D31E8CCF2100EC0112 /* Sources */,
				BAD552D41E8CCF2100EC0112 /* Frameworks */,
				BAD552D51E8CCF2100EC0112 /* Resources */,
			);
			buildRules = (
			);
			dependencies = (
				BAD552D91E8CCF2100EC0112 /* PBXTargetDependency */,
			);
			name = GametestUITests;
			productName = GametestUITests;
			productReference = BAD552D71E8CCF2100EC0112 /* GametestUITests.xctest */;
			productType = "com.apple.product-type.bundle.ui-testing";
		};
/* End PBXNativeTarget section */

/* Begin PBXProject section */
		BAD552AA1E8CCF2100EC0112 /* Project object */ = {
			isa = PBXProject;
			attributes = {
				LastSwiftUpdateCheck = 0820;
				LastUpgradeCheck = 0820;
				ORGANIZATIONNAME = LQT;
				TargetAttributes = {
					BAD552B11E8CCF2100EC0112 = {
						CreatedOnToolsVersion = 8.2.1;
						ProvisioningStyle = Automatic;
					};
					BAD552CB1E8CCF2100EC0112 = {
						CreatedOnToolsVersion = 8.2.1;
						ProvisioningStyle = Automatic;
						TestTargetID = BAD552B11E8CCF2100EC0112;
					};
					BAD552D61E8CCF2100EC0112 = {
						CreatedOnToolsVersion = 8.2.1;
						ProvisioningStyle = Automatic;
						TestTargetID = BAD552B11E8CCF2100EC0112;
					};
				};
			};
			buildConfigurationList = BAD552AD1E8CCF2100EC0112 /* Build configuration list for PBXProject "Gametest" */;
			compatibilityVersion = "Xcode 3.2";
			developmentRegion = English;
			hasScannedForEncodings = 0;
			knownRegions = (
				en,
				Base,
			);
			mainGroup = BAD552A91E8CCF2100EC0112;
			productRefGroup = BAD552B31E8CCF2100EC0112 /* Products */;
			projectDirPath = "";
			projectRoot = "";
			targets = (
				BAD552B11E8CCF2100EC0112 /* Gametest */,
				BAD552CB1E8CCF2100EC0112 /* GametestTests */,
				BAD552D61E8CCF2100EC0112 /* GametestUITests */,
			);
		};
/* End PBXProject section */

/* Begin PBXResourcesBuildPhase section */
		BAD552B01E8CCF2100EC0112 /* Resources */ = {
			isa = PBXResourcesBuildPhase;
			buildActionMask = 2147483647;
			files = (
				BAD552C11E8CCF2100EC0112 /* Main.storyboard in Resources */,
				BAD552B81E8CCF2100EC0112 /* GameScene.sks in Resources */,
				BAD552C31E8CCF2100EC0112 /* Assets.xcassets in Resources */,
				BAD552C61E8CCF2100EC0112 /* LaunchScreen.storyboard in Resources */,
				BAD552BA1E8CCF2100EC0112 /* Actions.sks in Resources */,
			);
			runOnlyForDeploymentPostprocessing = 0;
		};
		BAD552CA1E8CCF2100EC0112 /* Resources */ = {
			isa = PBXResourcesBuildPhase;
			buildActionMask = 2147483647;
			files = (
			);
			runOnlyForDeploymentPostprocessing = 0;
		};
		BAD552D51E8CCF2100EC0112 /* Resources */ = {
			isa = PBXResourcesBuildPhase;
			buildActionMask = 2147483647;
			files = (
			);
			runOnlyForDeploymentPostprocessing = 0;
		};
/* End PBXResourcesBuildPhase section */

/* Begin PBXSourcesBuildPhase section */
		BAD552AE1E8CCF2100EC0112 /* Sources */ = {
			isa = PBXSourcesBuildPhase;
			buildActionMask = 2147483647;
			files = (
				BAD552BC1E8CCF2100EC0112 /* GameScene.swift in Sources */,
				BAD552BE1E8CCF2100EC0112 /* GameViewController.swift in Sources */,
				BAD552B61E8CCF2100EC0112 /* AppDelegate.swift in Sources */,
			);
			runOnlyForDeploymentPostprocessing = 0;
		};
		BAD552C81E8CCF2100EC0112 /* Sources */ = {
			isa = PBXSourcesBuildPhase;
			buildActionMask = 2147483647;
			files = (
				BAD552D11E8CCF2100EC0112 /* GametestTests.swift in Sources */,
			);
			runOnlyForDeploymentPostprocessing = 0;
		};
		BAD552D31E8CCF2100EC0112 /* Sources */ = {
			isa = PBXSourcesBuildPhase;
			buildActionMask = 2147483647;
			files = (
				BAD552DC1E8CCF2100EC0112 /* GametestUITests.swift in Sources */,
			);
			runOnlyForDeploymentPostprocessing = 0;
		};
/* End PBXSourcesBuildPhase section */

/* Begin PBXTargetDependency section */
		BAD552CE1E8CCF2100EC0112 /* PBXTargetDependency */ = {
			isa = PBXTargetDependency;
			target = BAD552B11E8CCF2100EC0112 /* Gametest */;
			targetProxy = BAD552CD1E8CCF2100EC0112 /* PBXContainerItemProxy */;
		};
		BAD552D91E8CCF2100EC0112 /* PBXTargetDependency */ = {
			isa = PBXTargetDependency;
			target = BAD552B11E8CCF2100EC0112 /* Gametest */;
			targetProxy = BAD552D81E8CCF2100EC0112 /* PBXContainerItemProxy */;
		};
/* End PBXTargetDependency section */

/* Begin PBXVariantGroup section */
		BAD552BF1E8CCF2100EC0112 /* Main.storyboard */ = {
			isa = PBXVariantGroup;
			children = (
				BAD552C01E8CCF2100EC0112 /* Base */,
			);
			name = Main.storyboard;
			sourceTree = "<group>";
		};
		BAD552C41E8CCF2100EC0112 /* LaunchScreen.storyboard */ = {
			isa = PBXVariantGroup;
			children = (
				BAD552C51E8CCF2100EC0112 /* Base */,
			);
			name = LaunchScreen.storyboard;
			sourceTree = "<group>";
		};
/* End PBXVariantGroup section */

/* Begin XCBuildConfiguration section */
		BAD552DE1E8CCF2100EC0112 /* Debug */ = {
			isa = XCBuildConfiguration;
			buildSettings = {
				ALWAYS_SEARCH_USER_PATHS = NO;
				CLANG_ANALYZER_NONNULL = YES;
				CLANG_CXX_LANGUAGE_STANDARD = "gnu++0x";
				CLANG_CXX_LIBRARY = "libc++";
				CLANG_ENABLE_MODULES = YES;
				CLANG_ENABLE_OBJC_ARC = YES;
				CLANG_WARN_BOOL_CONVERSION = YES;
				CLANG_WARN_CONSTANT_CONVERSION = YES;
				CLANG_WARN_DIRECT_OBJC_ISA_USAGE = YES_ERROR;
				CLANG_WARN_DOCUMENTATION_COMMENTS = YES;
				CLANG_WARN_EMPTY_BODY = YES;
				CLANG_WARN_ENUM_CONVERSION = YES;
				CLANG_WARN_INFINITE_RECURSION = YES;
				CLANG_WARN_INT_CONVERSION = YES;
				CLANG_WARN_OBJC_ROOT_CLASS = YES_ERROR;
				CLANG_WARN_SUSPICIOUS_MOVE = YES;
				CLANG_WARN_UNREACHABLE_CODE = YES;
				CLANG_WARN__DUPLICATE_METHOD_MATCH = YES;
				"CODE_SIGN_IDENTITY[sdk=iphoneos*]" = "iPhone Developer";
				COPY_PHASE_STRIP = NO;
				DEBUG_INFORMATION_FORMAT = dwarf;
				ENABLE_STRICT_OBJC_MSGSEND = YES;
				ENABLE_TESTABILITY = YES;
				GCC_C_LANGUAGE_STANDARD = gnu99;
				GCC_DYNAMIC_NO_PIC = NO;
				GCC_NO_COMMON_BLOCKS = YES;
				GCC_OPTIMIZATION_LEVEL = 0;
				GCC_PREPROCESSOR_DEFINITIONS = (
					"DEBUG=1",
					"$(inherited)",
				);
				GCC_WARN_64_TO_32_BIT_CONVERSION = YES;
				GCC_WARN_ABOUT_RETURN_TYPE = YES_ERROR;
				GCC_WARN_UNDECLARED_SELECTOR = YES;
				GCC_WARN_UNINITIALIZED_AUTOS = YES_AGGRESSIVE;
				GCC_WARN_UNUSED_FUNCTION = YES;
				GCC_WARN_UNUSED_VARIABLE = YES;
				IPHONEOS_DEPLOYMENT_TARGET = 10.2;
				MTL_ENABLE_DEBUG_INFO = YES;
				ONLY_ACTIVE_ARCH = YES;
				SDKROOT = iphoneos;
				SWIFT_ACTIVE_COMPILATION_CONDITIONS = DEBUG;
				SWIFT_OPTIMIZATION_LEVEL = "-Onone";
			};
			name = Debug;
		};
		BAD552DF1E8CCF2100EC0112 /* Release */ = {
			isa = XCBuildConfiguration;
			buildSettings = {
				ALWAYS_SEARCH_USER_PATHS = NO;
				CLANG_ANALYZER_NONNULL = YES;
				CLANG_CXX_LANGUAGE_STANDARD = "gnu++0x";
				CLANG_CXX_LIBRARY = "libc++";
				CLANG_ENABLE_MODULES = YES;
				CLANG_ENABLE_OBJC_ARC = YES;
				CLANG_WARN_BOOL_CONVERSION = YES;
				CLANG_WARN_CONSTANT_CONVERSION = YES;
				CLANG_WARN_DIRECT_OBJC_ISA_USAGE = YES_ERROR;
				CLANG_WARN_DOCUMENTATION_COMMENTS = YES;
				CLANG_WARN_EMPTY_BODY = YES;
				CLANG_WARN_ENUM_CONVERSION = YES;
				CLANG_WARN_INFINITE_RECURSION = YES;
				CLANG_WARN_INT_CONVERSION = YES;
				CLANG_WARN_OBJC_ROOT_CLASS = YES_ERROR;
				CLANG_WARN_SUSPICIOUS_MOVE = YES;
				CLANG_WARN_UNREACHABLE_CODE = YES;
				CLANG_WARN__DUPLICATE_METHOD_MATCH = YES;
				"CODE_SIGN_IDENTITY[sdk=iphoneos*]" = "iPhone Developer";
				COPY_PHASE_STRIP = NO;
				DEBUG_INFORMATION_FORMAT = "dwarf-with-dsym";
				ENABLE_NS_ASSERTIONS = NO;
				ENABLE_STRICT_OBJC_MSGSEND = YES;
				GCC_C_LANGUAGE_STANDARD = gnu99;
				GCC_NO_COMMON_BLOCKS = YES;
				GCC_WARN_64_TO_32_BIT_CONVERSION = YES;
				GCC_WARN_ABOUT_RETURN_TYPE = YES_ERROR;
				GCC_WARN_UNDECLARED_SELECTOR = YES;
				GCC_WARN_UNINITIALIZED_AUTOS = YES_AGGRESSIVE;
				GCC_WARN_UNUSED_FUNCTION = YES;
				GCC_WARN_UNUSED_VARIABLE = YES;
				IPHONEOS_DEPLOYMENT_TARGET = 10.2;
				MTL_ENABLE_DEBUG_INFO = NO;
				SDKROOT = iphoneos;
				SWIFT_OPTIMIZATION_LEVEL = "-Owholemodule";
				VALIDATE_PRODUCT = YES;
			};
			name = Release;
		};
		BAD552E11E8CCF2100EC0112 /* Debug */ = {
			isa = XCBuildConfiguration;
			buildSettings = {
				ASSETCATALOG_COMPILER_APPICON_NAME = AppIcon;
				INFOPLIST_FILE = Gametest/Info.plist;
				LD_RUNPATH_SEARCH_PATHS = "$(inherited) @executable_path/Frameworks";
				PRODUCT_BUNDLE_IDENTIFIER = cert1.Gametest;
				PRODUCT_NAME = "$(TARGET_NAME)";
				SWIFT_VERSION = 3.0;
			};
			name = Debug;
		};
		BAD552E21E8CCF2100EC0112 /* Release */ = {
			isa = XCBuildConfiguration;
			buildSettings = {
				ASSETCATALOG_COMPILER_APPICON_NAME = AppIcon;
				INFOPLIST_FILE = Gametest/Info.plist;
				LD_RUNPATH_SEARCH_PATHS = "$(inherited) @executable_path/Frameworks";
				PRODUCT_BUNDLE_IDENTIFIER = cert1.Gametest;
				PRODUCT_NAME = "$(TARGET_NAME)";
				SWIFT_VERSION = 3.0;
			};
			name = Release;
		};
		BAD552E41E8CCF2100EC0112 /* Debug */ = {
			isa = XCBuildConfiguration;
			buildSettings = {
				ALWAYS_EMBED_SWIFT_STANDARD_LIBRARIES = YES;
				BUNDLE_LOADER = "$(TEST_HOST)";
				INFOPLIST_FILE = GametestTests/Info.plist;
				LD_RUNPATH_SEARCH_PATHS = "$(inherited) @executable_path/Frameworks @loader_path/Frameworks";
				PRODUCT_BUNDLE_IDENTIFIER = cert1.GametestTests;
				PRODUCT_NAME = "$(TARGET_NAME)";
				SWIFT_VERSION = 3.0;
				TEST_HOST = "$(BUILT_PRODUCTS_DIR)/Gametest.app/Gametest";
			};
			name = Debug;
		};
		BAD552E51E8CCF2100EC0112 /* Release */ = {
			isa = XCBuildConfiguration;
			buildSettings = {
				ALWAYS_EMBED_SWIFT_STANDARD_LIBRARIES = YES;
				BUNDLE_LOADER = "$(TEST_HOST)";
				INFOPLIST_FILE = GametestTests/Info.plist;
				LD_RUNPATH_SEARCH_PATHS = "$(inherited) @executable_path/Frameworks @loader_path/Frameworks";
				PRODUCT_BUNDLE_IDENTIFIER = cert1.GametestTests;
				PRODUCT_NAME = "$(TARGET_NAME)";
				SWIFT_VERSION = 3.0;
				TEST_HOST = "$(BUILT_PRODUCTS_DIR)/Gametest.app/Gametest";
			};
			name = Release;
		};
		BAD552E71E8CCF2100EC0112 /* Debug */ = {
			isa = XCBuildConfiguration;
			buildSettings = {
				ALWAYS_EMBED_SWIFT_STANDARD_LIBRARIES = YES;
				INFOPLIST_FILE = GametestUITests/Info.plist;
				LD_RUNPATH_SEARCH_PATHS = "$(inherited) @executable_path/Frameworks @loader_path/Frameworks";
				PRODUCT_BUNDLE_IDENTIFIER = cert1.GametestUITests;
				PRODUCT_NAME = "$(TARGET_NAME)";
				SWIFT_VERSION = 3.0;
				TEST_TARGET_NAME = Gametest;
			};
			name = Debug;
		};
		BAD552E81E8CCF2100EC0112 /* Release */ = {
			isa = XCBuildConfiguration;
			buildSettings = {
				ALWAYS_EMBED_SWIFT_STANDARD_LIBRARIES = YES;
				INFOPLIST_FILE = GametestUITests/Info.plist;
				LD_RUNPATH_SEARCH_PATHS = "$(inherited) @executable_path/Frameworks @loader_path/Frameworks";
				PRODUCT_BUNDLE_IDENTIFIER = cert1.GametestUITests;
				PRODUCT_NAME = "$(TARGET_NAME)";
				SWIFT_VERSION = 3.0;
				TEST_TARGET_NAME = Gametest;
			};
			name = Release;
		};
/* End XCBuildConfiguration section */

/* Begin XCConfigurationList section */
		BAD552AD1E8CCF2100EC0112 /* Build configuration list for PBXProject "Gametest" */ = {
			isa = XCConfigurationList;
			buildConfigurations = (
				BAD552DE1E8CCF2100EC0112 /* Debug */,
				BAD552DF1E8CCF2100EC0112 /* Release */,
			);
			defaultConfigurationIsVisible = 0;
			defaultConfigurationName = Release;
		};
		BAD552E01E8CCF2100EC0112 /* Build configuration list for PBXNativeTarget "Gametest" */ = {
			isa = XCConfigurationList;
			buildConfigurations = (
				BAD552E11E8CCF2100EC0112 /* Debug */,
				BAD552E21E8CCF2100EC0112 /* Release */,
			);
			defaultConfigurationIsVisible = 0;
		};
		BAD552E31E8CCF2100EC0112 /* Build configuration list for PBXNativeTarget "GametestTests" */ = {
			isa = XCConfigurationList;
			buildConfigurations = (
				BAD552E41E8CCF2100EC0112 /* Debug */,
				BAD552E51E8CCF2100EC0112 /* Release */,
			);
			defaultConfigurationIsVisible = 0;
		};
		BAD552E61E8CCF2100EC0112 /* Build configuration list for PBXNativeTarget "GametestUITests" */ = {
			isa = XCConfigurationList;
			buildConfigurations = (
				BAD552E71E8CCF2100EC0112 /* Debug */,
				BAD552E81E8CCF2100EC0112 /* Release */,
			);
			defaultConfigurationIsVisible = 0;
		};
/* End XCConfigurationList section */
	};
	rootObject = BAD552AA1E8CCF2100EC0112 /* Project object */;
}
