// !$*UTF8*$!
{
	archiveVersion = 1;
	classes = {
	};
	objectVersion = 46;
	objects = {

/* Begin PBXBuildFile section */
		BA19C2BC1E8B533D007BF5BE /* AppDelegate.swift in Sources */ = {isa = PBXBuildFile; fileRef = BA19C2BB1E8B533D007BF5BE /* AppDelegate.swift */; };
		BA19C2BE1E8B533D007BF5BE /* ViewController.swift in Sources */ = {isa = PBXBuildFile; fileRef = BA19C2BD1E8B533D007BF5BE /* ViewController.swift */; };
		BA19C2C11E8B533D007BF5BE /* Main.storyboard in Resources */ = {isa = PBXBuildFile; fileRef = BA19C2BF1E8B533D007BF5BE /* Main.storyboard */; };
		BA19C2C31E8B533D007BF5BE /* Assets.xcassets in Resources */ = {isa = PBXBuildFile; fileRef = BA19C2C21E8B533D007BF5BE /* Assets.xcassets */; };
		BA19C2C61E8B533D007BF5BE /* LaunchScreen.storyboard in Resources */ = {isa = PBXBuildFile; fileRef = BA19C2C41E8B533D007BF5BE /* LaunchScreen.storyboard */; };
		BA19C2D11E8B533D007BF5BE /* animationEXTests.swift in Sources */ = {isa = PBXBuildFile; fileRef = BA19C2D01E8B533D007BF5BE /* animationEXTests.swift */; };
		BA19C2DC1E8B533D007BF5BE /* animationEXUITests.swift in Sources */ = {isa = PBXBuildFile; fileRef = BA19C2DB1E8B533D007BF5BE /* animationEXUITests.swift */; };
		BAD552081E8B5E6800EC0112 /* PositonViewController.swift in Sources */ = {isa = PBXBuildFile; fileRef = BAD552071E8B5E6800EC0112 /* PositonViewController.swift */; };
/* End PBXBuildFile section */

/* Begin PBXContainerItemProxy section */
		BA19C2CD1E8B533D007BF5BE /* PBXContainerItemProxy */ = {
			isa = PBXContainerItemProxy;
			containerPortal = BA19C2B01E8B533D007BF5BE /* Project object */;
			proxyType = 1;
			remoteGlobalIDString = BA19C2B71E8B533D007BF5BE;
			remoteInfo = animationEX;
		};
		BA19C2D81E8B533D007BF5BE /* PBXContainerItemProxy */ = {
			isa = PBXContainerItemProxy;
			containerPortal = BA19C2B01E8B533D007BF5BE /* Project object */;
			proxyType = 1;
			remoteGlobalIDString = BA19C2B71E8B533D007BF5BE;
			remoteInfo = animationEX;
		};
/* End PBXContainerItemProxy section */

/* Begin PBXFileReference section */
		BA19C2B81E8B533D007BF5BE /* animationEX.app */ = {isa = PBXFileReference; explicitFileType = wrapper.application; includeInIndex = 0; path = animationEX.app; sourceTree = BUILT_PRODUCTS_DIR; };
		BA19C2BB1E8B533D007BF5BE /* AppDelegate.swift */ = {isa = PBXFileReference; lastKnownFileType = sourcecode.swift; path = AppDelegate.swift; sourceTree = "<group>"; };
		BA19C2BD1E8B533D007BF5BE /* ViewController.swift */ = {isa = PBXFileReference; lastKnownFileType = sourcecode.swift; path = ViewController.swift; sourceTree = "<group>"; };
		BA19C2C01E8B533D007BF5BE /* Base */ = {isa = PBXFileReference; lastKnownFileType = file.storyboard; name = Base; path = Base.lproj/Main.storyboard; sourceTree = "<group>"; };
		BA19C2C21E8B533D007BF5BE /* Assets.xcassets */ = {isa = PBXFileReference; lastKnownFileType = folder.assetcatalog; path = Assets.xcassets; sourceTree = "<group>"; };
		BA19C2C51E8B533D007BF5BE /* Base */ = {isa = PBXFileReference; lastKnownFileType = file.storyboard; name = Base; path = Base.lproj/LaunchScreen.storyboard; sourceTree = "<group>"; };
		BA19C2C71E8B533D007BF5BE /* Info.plist */ = {isa = PBXFileReference; lastKnownFileType = text.plist.xml; path = Info.plist; sourceTree = "<group>"; };
		BA19C2CC1E8B533D007BF5BE /* animationEXTests.xctest */ = {isa = PBXFileReference; explicitFileType = wrapper.cfbundle; includeInIndex = 0; path = animationEXTests.xctest; sourceTree = BUILT_PRODUCTS_DIR; };
		BA19C2D01E8B533D007BF5BE /* animationEXTests.swift */ = {isa = PBXFileReference; lastKnownFileType = sourcecode.swift; path = animationEXTests.swift; sourceTree = "<group>"; };
		BA19C2D21E8B533D007BF5BE /* Info.plist */ = {isa = PBXFileReference; lastKnownFileType = text.plist.xml; path = Info.plist; sourceTree = "<group>"; };
		BA19C2D71E8B533D007BF5BE /* animationEXUITests.xctest */ = {isa = PBXFileReference; explicitFileType = wrapper.cfbundle; includeInIndex = 0; path = animationEXUITests.xctest; sourceTree = BUILT_PRODUCTS_DIR; };
		BA19C2DB1E8B533D007BF5BE /* animationEXUITests.swift */ = {isa = PBXFileReference; lastKnownFileType = sourcecode.swift; path = animationEXUITests.swift; sourceTree = "<group>"; };
		BA19C2DD1E8B533D007BF5BE /* Info.plist */ = {isa = PBXFileReference; lastKnownFileType = text.plist.xml; path = Info.plist; sourceTree = "<group>"; };
		BAD552071E8B5E6800EC0112 /* PositonViewController.swift */ = {isa = PBXFileReference; fileEncoding = 4; lastKnownFileType = sourcecode.swift; path = PositonViewController.swift; sourceTree = "<group>"; };
/* End PBXFileReference section */

/* Begin PBXFrameworksBuildPhase section */
		BA19C2B51E8B533D007BF5BE /* Frameworks */ = {
			isa = PBXFrameworksBuildPhase;
			buildActionMask = 2147483647;
			files = (
			);
			runOnlyForDeploymentPostprocessing = 0;
		};
		BA19C2C91E8B533D007BF5BE /* Frameworks */ = {
			isa = PBXFrameworksBuildPhase;
			buildActionMask = 2147483647;
			files = (
			);
			runOnlyForDeploymentPostprocessing = 0;
		};
		BA19C2D41E8B533D007BF5BE /* Frameworks */ = {
			isa = PBXFrameworksBuildPhase;
			buildActionMask = 2147483647;
			files = (
			);
			runOnlyForDeploymentPostprocessing = 0;
		};
/* End PBXFrameworksBuildPhase section */

/* Begin PBXGroup section */
		BA19C2AF1E8B533D007BF5BE = {
			isa = PBXGroup;
			children = (
				BA19C2BA1E8B533D007BF5BE /* animationEX */,
				BA19C2CF1E8B533D007BF5BE /* animationEXTests */,
				BA19C2DA1E8B533D007BF5BE /* animationEXUITests */,
				BA19C2B91E8B533D007BF5BE /* Products */,
			);
			sourceTree = "<group>";
		};
		BA19C2B91E8B533D007BF5BE /* Products */ = {
			isa = PBXGroup;
			children = (
				BA19C2B81E8B533D007BF5BE /* animationEX.app */,
				BA19C2CC1E8B533D007BF5BE /* animationEXTests.xctest */,
				BA19C2D71E8B533D007BF5BE /* animationEXUITests.xctest */,
			);
			name = Products;
			sourceTree = "<group>";
		};
		BA19C2BA1E8B533D007BF5BE /* animationEX */ = {
			isa = PBXGroup;
			children = (
				BA19C2BB1E8B533D007BF5BE /* AppDelegate.swift */,
				BA19C2BD1E8B533D007BF5BE /* ViewController.swift */,
				BAD552071E8B5E6800EC0112 /* PositonViewController.swift */,
				BA19C2BF1E8B533D007BF5BE /* Main.storyboard */,
				BA19C2C21E8B533D007BF5BE /* Assets.xcassets */,
				BA19C2C41E8B533D007BF5BE /* LaunchScreen.storyboard */,
				BA19C2C71E8B533D007BF5BE /* Info.plist */,
			);
			path = animationEX;
			sourceTree = "<group>";
		};
		BA19C2CF1E8B533D007BF5BE /* animationEXTests */ = {
			isa = PBXGroup;
			children = (
				BA19C2D01E8B533D007BF5BE /* animationEXTests.swift */,
				BA19C2D21E8B533D007BF5BE /* Info.plist */,
			);
			path = animationEXTests;
			sourceTree = "<group>";
		};
		BA19C2DA1E8B533D007BF5BE /* animationEXUITests */ = {
			isa = PBXGroup;
			children = (
				BA19C2DB1E8B533D007BF5BE /* animationEXUITests.swift */,
				BA19C2DD1E8B533D007BF5BE /* Info.plist */,
			);
			path = animationEXUITests;
			sourceTree = "<group>";
		};
/* End PBXGroup section */

/* Begin PBXNativeTarget section */
		BA19C2B71E8B533D007BF5BE /* animationEX */ = {
			isa = PBXNativeTarget;
			buildConfigurationList = BA19C2E01E8B533D007BF5BE /* Build configuration list for PBXNativeTarget "animationEX" */;
			buildPhases = (
				BA19C2B41E8B533D007BF5BE /* Sources */,
				BA19C2B51E8B533D007BF5BE /* Frameworks */,
				BA19C2B61E8B533D007BF5BE /* Resources */,
			);
			buildRules = (
			);
			dependencies = (
			);
			name = animationEX;
			productName = animationEX;
			productReference = BA19C2B81E8B533D007BF5BE /* animationEX.app */;
			productType = "com.apple.product-type.application";
		};
		BA19C2CB1E8B533D007BF5BE /* animationEXTests */ = {
			isa = PBXNativeTarget;
			buildConfigurationList = BA19C2E31E8B533D007BF5BE /* Build configuration list for PBXNativeTarget "animationEXTests" */;
			buildPhases = (
				BA19C2C81E8B533D007BF5BE /* Sources */,
				BA19C2C91E8B533D007BF5BE /* Frameworks */,
				BA19C2CA1E8B533D007BF5BE /* Resources */,
			);
			buildRules = (
			);
			dependencies = (
				BA19C2CE1E8B533D007BF5BE /* PBXTargetDependency */,
			);
			name = animationEXTests;
			productName = animationEXTests;
			productReference = BA19C2CC1E8B533D007BF5BE /* animationEXTests.xctest */;
			productType = "com.apple.product-type.bundle.unit-test";
		};
		BA19C2D61E8B533D007BF5BE /* animationEXUITests */ = {
			isa = PBXNativeTarget;
			buildConfigurationList = BA19C2E61E8B533D007BF5BE /* Build configuration list for PBXNativeTarget "animationEXUITests" */;
			buildPhases = (
				BA19C2D31E8B533D007BF5BE /* Sources */,
				BA19C2D41E8B533D007BF5BE /* Frameworks */,
				BA19C2D51E8B533D007BF5BE /* Resources */,
			);
			buildRules = (
			);
			dependencies = (
				BA19C2D91E8B533D007BF5BE /* PBXTargetDependency */,
			);
			name = animationEXUITests;
			productName = animationEXUITests;
			productReference = BA19C2D71E8B533D007BF5BE /* animationEXUITests.xctest */;
			productType = "com.apple.product-type.bundle.ui-testing";
		};
/* End PBXNativeTarget section */

/* Begin PBXProject section */
		BA19C2B01E8B533D007BF5BE /* Project object */ = {
			isa = PBXProject;
			attributes = {
				LastSwiftUpdateCheck = 0820;
				LastUpgradeCheck = 0820;
				ORGANIZATIONNAME = LQT;
				TargetAttributes = {
					BA19C2B71E8B533D007BF5BE = {
						CreatedOnToolsVersion = 8.2.1;
						ProvisioningStyle = Automatic;
					};
					BA19C2CB1E8B533D007BF5BE = {
						CreatedOnToolsVersion = 8.2.1;
						ProvisioningStyle = Automatic;
						TestTargetID = BA19C2B71E8B533D007BF5BE;
					};
					BA19C2D61E8B533D007BF5BE = {
						CreatedOnToolsVersion = 8.2.1;
						ProvisioningStyle = Automatic;
						TestTargetID = BA19C2B71E8B533D007BF5BE;
					};
				};
			};
			buildConfigurationList = BA19C2B31E8B533D007BF5BE /* Build configuration list for PBXProject "animationEX" */;
			compatibilityVersion = "Xcode 3.2";
			developmentRegion = English;
			hasScannedForEncodings = 0;
			knownRegions = (
				en,
				Base,
			);
			mainGroup = BA19C2AF1E8B533D007BF5BE;
			productRefGroup = BA19C2B91E8B533D007BF5BE /* Products */;
			projectDirPath = "";
			projectRoot = "";
			targets = (
				BA19C2B71E8B533D007BF5BE /* animationEX */,
				BA19C2CB1E8B533D007BF5BE /* animationEXTests */,
				BA19C2D61E8B533D007BF5BE /* animationEXUITests */,
			);
		};
/* End PBXProject section */

/* Begin PBXResourcesBuildPhase section */
		BA19C2B61E8B533D007BF5BE /* Resources */ = {
			isa = PBXResourcesBuildPhase;
			buildActionMask = 2147483647;
			files = (
				BA19C2C61E8B533D007BF5BE /* LaunchScreen.storyboard in Resources */,
				BA19C2C31E8B533D007BF5BE /* Assets.xcassets in Resources */,
				BA19C2C11E8B533D007BF5BE /* Main.storyboard in Resources */,
			);
			runOnlyForDeploymentPostprocessing = 0;
		};
		BA19C2CA1E8B533D007BF5BE /* Resources */ = {
			isa = PBXResourcesBuildPhase;
			buildActionMask = 2147483647;
			files = (
			);
			runOnlyForDeploymentPostprocessing = 0;
		};
		BA19C2D51E8B533D007BF5BE /* Resources */ = {
			isa = PBXResourcesBuildPhase;
			buildActionMask = 2147483647;
			files = (
			);
			runOnlyForDeploymentPostprocessing = 0;
		};
/* End PBXResourcesBuildPhase section */

/* Begin PBXSourcesBuildPhase section */
		BA19C2B41E8B533D007BF5BE /* Sources */ = {
			isa = PBXSourcesBuildPhase;
			buildActionMask = 2147483647;
			files = (
				BA19C2BE1E8B533D007BF5BE /* ViewController.swift in Sources */,
				BAD552081E8B5E6800EC0112 /* PositonViewController.swift in Sources */,
				BA19C2BC1E8B533D007BF5BE /* AppDelegate.swift in Sources */,
			);
			runOnlyForDeploymentPostprocessing = 0;
		};
		BA19C2C81E8B533D007BF5BE /* Sources */ = {
			isa = PBXSourcesBuildPhase;
			buildActionMask = 2147483647;
			files = (
				BA19C2D11E8B533D007BF5BE /* animationEXTests.swift in Sources */,
			);
			runOnlyForDeploymentPostprocessing = 0;
		};
		BA19C2D31E8B533D007BF5BE /* Sources */ = {
			isa = PBXSourcesBuildPhase;
			buildActionMask = 2147483647;
			files = (
				BA19C2DC1E8B533D007BF5BE /* animationEXUITests.swift in Sources */,
			);
			runOnlyForDeploymentPostprocessing = 0;
		};
/* End PBXSourcesBuildPhase section */

/* Begin PBXTargetDependency section */
		BA19C2CE1E8B533D007BF5BE /* PBXTargetDependency */ = {
			isa = PBXTargetDependency;
			target = BA19C2B71E8B533D007BF5BE /* animationEX */;
			targetProxy = BA19C2CD1E8B533D007BF5BE /* PBXContainerItemProxy */;
		};
		BA19C2D91E8B533D007BF5BE /* PBXTargetDependency */ = {
			isa = PBXTargetDependency;
			target = BA19C2B71E8B533D007BF5BE /* animationEX */;
			targetProxy = BA19C2D81E8B533D007BF5BE /* PBXContainerItemProxy */;
		};
/* End PBXTargetDependency section */

/* Begin PBXVariantGroup section */
		BA19C2BF1E8B533D007BF5BE /* Main.storyboard */ = {
			isa = PBXVariantGroup;
			children = (
				BA19C2C01E8B533D007BF5BE /* Base */,
			);
			name = Main.storyboard;
			sourceTree = "<group>";
		};
		BA19C2C41E8B533D007BF5BE /* LaunchScreen.storyboard */ = {
			isa = PBXVariantGroup;
			children = (
				BA19C2C51E8B533D007BF5BE /* Base */,
			);
			name = LaunchScreen.storyboard;
			sourceTree = "<group>";
		};
/* End PBXVariantGroup section */

/* Begin XCBuildConfiguration section */
		BA19C2DE1E8B533D007BF5BE /* Debug */ = {
			isa = XCBuildConfiguration;
			buildSettings = {
				ALWAYS_SEARCH_USER_PATHS = NO;
				CLANG_ANALYZER_NONNULL = YES;
				CLANG_CXX_LANGUAGE_STANDARD = "gnu++0x";
				CLANG_CXX_LIBRARY = "libc++";
				CLANG_ENABLE_MODULES = YES;
				CLANG_ENABLE_OBJC_ARC = YES;
				CLANG_WARN_BOOL_CONVERSION = YES;
				CLANG_WARN_CONSTANT_CONVERSION = YES;
				CLANG_WARN_DIRECT_OBJC_ISA_USAGE = YES_ERROR;
				CLANG_WARN_DOCUMENTATION_COMMENTS = YES;
				CLANG_WARN_EMPTY_BODY = YES;
				CLANG_WARN_ENUM_CONVERSION = YES;
				CLANG_WARN_INFINITE_RECURSION = YES;
				CLANG_WARN_INT_CONVERSION = YES;
				CLANG_WARN_OBJC_ROOT_CLASS = YES_ERROR;
				CLANG_WARN_SUSPICIOUS_MOVE = YES;
				CLANG_WARN_UNREACHABLE_CODE = YES;
				CLANG_WARN__DUPLICATE_METHOD_MATCH = YES;
				"CODE_SIGN_IDENTITY[sdk=iphoneos*]" = "iPhone Developer";
				COPY_PHASE_STRIP = NO;
				DEBUG_INFORMATION_FORMAT = dwarf;
				ENABLE_STRICT_OBJC_MSGSEND = YES;
				ENABLE_TESTABILITY = YES;
				GCC_C_LANGUAGE_STANDARD = gnu99;
				GCC_DYNAMIC_NO_PIC = NO;
				GCC_NO_COMMON_BLOCKS = YES;
				GCC_OPTIMIZATION_LEVEL = 0;
				GCC_PREPROCESSOR_DEFINITIONS = (
					"DEBUG=1",
					"$(inherited)",
				);
				GCC_WARN_64_TO_32_BIT_CONVERSION = YES;
				GCC_WARN_ABOUT_RETURN_TYPE = YES_ERROR;
				GCC_WARN_UNDECLARED_SELECTOR = YES;
				GCC_WARN_UNINITIALIZED_AUTOS = YES_AGGRESSIVE;
				GCC_WARN_UNUSED_FUNCTION = YES;
				GCC_WARN_UNUSED_VARIABLE = YES;
				IPHONEOS_DEPLOYMENT_TARGET = 10.2;
				MTL_ENABLE_DEBUG_INFO = YES;
				ONLY_ACTIVE_ARCH = YES;
				SDKROOT = iphoneos;
				SWIFT_ACTIVE_COMPILATION_CONDITIONS = DEBUG;
				SWIFT_OPTIMIZATION_LEVEL = "-Onone";
			};
			name = Debug;
		};
		BA19C2DF1E8B533D007BF5BE /* Release */ = {
			isa = XCBuildConfiguration;
			buildSettings = {
				ALWAYS_SEARCH_USER_PATHS = NO;
				CLANG_ANALYZER_NONNULL = YES;
				CLANG_CXX_LANGUAGE_STANDARD = "gnu++0x";
				CLANG_CXX_LIBRARY = "libc++";
				CLANG_ENABLE_MODULES = YES;
				CLANG_ENABLE_OBJC_ARC = YES;
				CLANG_WARN_BOOL_CONVERSION = YES;
				CLANG_WARN_CONSTANT_CONVERSION = YES;
				CLANG_WARN_DIRECT_OBJC_ISA_USAGE = YES_ERROR;
				CLANG_WARN_DOCUMENTATION_COMMENTS = YES;
				CLANG_WARN_EMPTY_BODY = YES;
				CLANG_WARN_ENUM_CONVERSION = YES;
				CLANG_WARN_INFINITE_RECURSION = YES;
				CLANG_WARN_INT_CONVERSION = YES;
				CLANG_WARN_OBJC_ROOT_CLASS = YES_ERROR;
				CLANG_WARN_SUSPICIOUS_MOVE = YES;
				CLANG_WARN_UNREACHABLE_CODE = YES;
				CLANG_WARN__DUPLICATE_METHOD_MATCH = YES;
				"CODE_SIGN_IDENTITY[sdk=iphoneos*]" = "iPhone Developer";
				COPY_PHASE_STRIP = NO;
				DEBUG_INFORMATION_FORMAT = "dwarf-with-dsym";
				ENABLE_NS_ASSERTIONS = NO;
				ENABLE_STRICT_OBJC_MSGSEND = YES;
				GCC_C_LANGUAGE_STANDARD = gnu99;
				GCC_NO_COMMON_BLOCKS = YES;
				GCC_WARN_64_TO_32_BIT_CONVERSION = YES;
				GCC_WARN_ABOUT_RETURN_TYPE = YES_ERROR;
				GCC_WARN_UNDECLARED_SELECTOR = YES;
				GCC_WARN_UNINITIALIZED_AUTOS = YES_AGGRESSIVE;
				GCC_WARN_UNUSED_FUNCTION = YES;
				GCC_WARN_UNUSED_VARIABLE = YES;
				IPHONEOS_DEPLOYMENT_TARGET = 10.2;
				MTL_ENABLE_DEBUG_INFO = NO;
				SDKROOT = iphoneos;
				SWIFT_OPTIMIZATION_LEVEL = "-Owholemodule";
				VALIDATE_PRODUCT = YES;
			};
			name = Release;
		};
		BA19C2E11E8B533D007BF5BE /* Debug */ = {
			isa = XCBuildConfiguration;
			buildSettings = {
				ASSETCATALOG_COMPILER_APPICON_NAME = AppIcon;
				INFOPLIST_FILE = animationEX/Info.plist;
				LD_RUNPATH_SEARCH_PATHS = "$(inherited) @executable_path/Frameworks";
				PRODUCT_BUNDLE_IDENTIFIER = cert1.animationEX;
				PRODUCT_NAME = "$(TARGET_NAME)";
				SWIFT_VERSION = 3.0;
			};
			name = Debug;
		};
		BA19C2E21E8B533D007BF5BE /* Release */ = {
			isa = XCBuildConfiguration;
			buildSettings = {
				ASSETCATALOG_COMPILER_APPICON_NAME = AppIcon;
				INFOPLIST_FILE = animationEX/Info.plist;
				LD_RUNPATH_SEARCH_PATHS = "$(inherited) @executable_path/Frameworks";
				PRODUCT_BUNDLE_IDENTIFIER = cert1.animationEX;
				PRODUCT_NAME = "$(TARGET_NAME)";
				SWIFT_VERSION = 3.0;
			};
			name = Release;
		};
		BA19C2E41E8B533D007BF5BE /* Debug */ = {
			isa = XCBuildConfiguration;
			buildSettings = {
				ALWAYS_EMBED_SWIFT_STANDARD_LIBRARIES = YES;
				BUNDLE_LOADER = "$(TEST_HOST)";
				INFOPLIST_FILE = animationEXTests/Info.plist;
				LD_RUNPATH_SEARCH_PATHS = "$(inherited) @executable_path/Frameworks @loader_path/Frameworks";
				PRODUCT_BUNDLE_IDENTIFIER = cert1.animationEXTests;
				PRODUCT_NAME = "$(TARGET_NAME)";
				SWIFT_VERSION = 3.0;
				TEST_HOST = "$(BUILT_PRODUCTS_DIR)/animationEX.app/animationEX";
			};
			name = Debug;
		};
		BA19C2E51E8B533D007BF5BE /* Release */ = {
			isa = XCBuildConfiguration;
			buildSettings = {
				ALWAYS_EMBED_SWIFT_STANDARD_LIBRARIES = YES;
				BUNDLE_LOADER = "$(TEST_HOST)";
				INFOPLIST_FILE = animationEXTests/Info.plist;
				LD_RUNPATH_SEARCH_PATHS = "$(inherited) @executable_path/Frameworks @loader_path/Frameworks";
				PRODUCT_BUNDLE_IDENTIFIER = cert1.animationEXTests;
				PRODUCT_NAME = "$(TARGET_NAME)";
				SWIFT_VERSION = 3.0;
				TEST_HOST = "$(BUILT_PRODUCTS_DIR)/animationEX.app/animationEX";
			};
			name = Release;
		};
		BA19C2E71E8B533D007BF5BE /* Debug */ = {
			isa = XCBuildConfiguration;
			buildSettings = {
				ALWAYS_EMBED_SWIFT_STANDARD_LIBRARIES = YES;
				INFOPLIST_FILE = animationEXUITests/Info.plist;
				LD_RUNPATH_SEARCH_PATHS = "$(inherited) @executable_path/Frameworks @loader_path/Frameworks";
				PRODUCT_BUNDLE_IDENTIFIER = cert1.animationEXUITests;
				PRODUCT_NAME = "$(TARGET_NAME)";
				SWIFT_VERSION = 3.0;
				TEST_TARGET_NAME = animationEX;
			};
			name = Debug;
		};
		BA19C2E81E8B533D007BF5BE /* Release */ = {
			isa = XCBuildConfiguration;
			buildSettings = {
				ALWAYS_EMBED_SWIFT_STANDARD_LIBRARIES = YES;
				INFOPLIST_FILE = animationEXUITests/Info.plist;
				LD_RUNPATH_SEARCH_PATHS = "$(inherited) @executable_path/Frameworks @loader_path/Frameworks";
				PRODUCT_BUNDLE_IDENTIFIER = cert1.animationEXUITests;
				PRODUCT_NAME = "$(TARGET_NAME)";
				SWIFT_VERSION = 3.0;
				TEST_TARGET_NAME = animationEX;
			};
			name = Release;
		};
/* End XCBuildConfiguration section */

/* Begin XCConfigurationList section */
		BA19C2B31E8B533D007BF5BE /* Build configuration list for PBXProject "animationEX" */ = {
			isa = XCConfigurationList;
			buildConfigurations = (
				BA19C2DE1E8B533D007BF5BE /* Debug */,
				BA19C2DF1E8B533D007BF5BE /* Release */,
			);
			defaultConfigurationIsVisible = 0;
			defaultConfigurationName = Release;
		};
		BA19C2E01E8B533D007BF5BE /* Build configuration list for PBXNativeTarget "animationEX" */ = {
			isa = XCConfigurationList;
			buildConfigurations = (
				BA19C2E11E8B533D007BF5BE /* Debug */,
				BA19C2E21E8B533D007BF5BE /* Release */,
			);
			defaultConfigurationIsVisible = 0;
			defaultConfigurationName = Release;
		};
		BA19C2E31E8B533D007BF5BE /* Build configuration list for PBXNativeTarget "animationEXTests" */ = {
			isa = XCConfigurationList;
			buildConfigurations = (
				BA19C2E41E8B533D007BF5BE /* Debug */,
				BA19C2E51E8B533D007BF5BE /* Release */,
			);
			defaultConfigurationIsVisible = 0;
			defaultConfigurationName = Release;
		};
		BA19C2E61E8B533D007BF5BE /* Build configuration list for PBXNativeTarget "animationEXUITests" */ = {
			isa = XCConfigurationList;
			buildConfigurations = (
				BA19C2E71E8B533D007BF5BE /* Debug */,
				BA19C2E81E8B533D007BF5BE /* Release */,
			);
			defaultConfigurationIsVisible = 0;
			defaultConfigurationName = Release;
		};
/* End XCConfigurationList section */
	};
	rootObject = BA19C2B01E8B533D007BF5BE /* Project object */;
}
